
Microsoft Visual Studio Solution File, Format Version 12.00
# Visual Studio Version 16
VisualStudioVersion = 16.0.30114.105
MinimumVisualStudioVersion = 10.0.40219.1
Project("{2150E333-8FDC-42A3-9474-1A3956D46DE8}") = "src", "src", "{2B836303-84E5-49B8-A4FD-050B7D1BB196}"
EndProject
Project("{FAE04EC0-301F-11D3-BF4B-00C04F79EFBC}") = "Function", "src\Function\Function.csproj", "{F8C0AAD5-B8DB-413C-9ABF-0C3593A2E6E8}"
EndProject
Project("{FAE04EC0-301F-11D3-BF4B-00C04F79EFBC}") = "Domain", "src\Domain\Domain.csproj", "{CAC4F5BD-5CC6-467D-84DD-7D8E5FCEEBCE}"
EndProject
Project("{FAE04EC0-301F-11D3-BF4B-00C04F79EFBC}") = "Infrastructure", "src\Infrastructure\Infrastructure.csproj", "{5574B33C-0486-4DAC-9DF9-D3CE4DCB1D15}"
EndProject
Project("{FAE04EC0-301F-11D3-BF4B-00C04F79EFBC}") = "Application", "src\Application\Application.csproj", "{753DF4E1-BD32-4263-8E2C-4D6B42599C67}"
EndProject
Project("{2150E333-8FDC-42A3-9474-1A3956D46DE8}") = "test", "test", "{DE235BBF-B345-4575-862C-C386B1804033}"
EndProject
Project("{FAE04EC0-301F-11D3-BF4B-00C04F79EFBC}") = "ComponentTest", "test\ComponentTest\ComponentTest.csproj", "{58A66DD9-70EE-4635-8875-E885FECC53C5}"
EndProject
Project("{FAE04EC0-301F-11D3-BF4B-00C04F79EFBC}") = "IntegrationTest", "test\IntegrationTest\IntegrationTest.csproj", "{F39C9A03-6659-46B6-87A0-919F96894555}"
EndProject
Project("{FAE04EC0-301F-11D3-BF4B-00C04F79EFBC}") = "UnitTest", "test\UnitTest\UnitTest.csproj", "{33D11E03-8651-4653-BFD0-3002DFA41847}"
EndProject
Project("{FAE04EC0-301F-11D3-BF4B-00C04F79EFBC}") = "EndToEndTests", "test\EndToEndTests\EndToEndTests.csproj", "{2C8B1D90-9FEB-4462-A0F1-B772BB52DD85}"
EndProject
Global
	GlobalSection(SolutionConfigurationPlatforms) = preSolution
		Debug|Any CPU = Debug|Any CPU
		Release|Any CPU = Release|Any CPU
	EndGlobalSection
	GlobalSection(SolutionProperties) = preSolution
		HideSolutionNode = FALSE
	EndGlobalSection
	GlobalSection(ProjectConfigurationPlatforms) = postSolution
		{F8C0AAD5-B8DB-413C-9ABF-0C3593A2E6E8}.Debug|Any CPU.ActiveCfg = Debug|Any CPU
		{F8C0AAD5-B8DB-413C-9ABF-0C3593A2E6E8}.Debug|Any CPU.Build.0 = Debug|Any CPU
		{F8C0AAD5-B8DB-413C-9ABF-0C3593A2E6E8}.Release|Any CPU.ActiveCfg = Release|Any CPU
		{F8C0AAD5-B8DB-413C-9ABF-0C3593A2E6E8}.Release|Any CPU.Build.0 = Release|Any CPU
		{CAC4F5BD-5CC6-467D-84DD-7D8E5FCEEBCE}.Debug|Any CPU.ActiveCfg = Debug|Any CPU
		{CAC4F5BD-5CC6-467D-84DD-7D8E5FCEEBCE}.Debug|Any CPU.Build.0 = Debug|Any CPU
		{CAC4F5BD-5CC6-467D-84DD-7D8E5FCEEBCE}.Release|Any CPU.ActiveCfg = Release|Any CPU
		{CAC4F5BD-5CC6-467D-84DD-7D8E5FCEEBCE}.Release|Any CPU.Build.0 = Release|Any CPU
		{5574B33C-0486-4DAC-9DF9-D3CE4DCB1D15}.Debug|Any CPU.ActiveCfg = Debug|Any CPU
		{5574B33C-0486-4DAC-9DF9-D3CE4DCB1D15}.Debug|Any CPU.Build.0 = Debug|Any CPU
		{5574B33C-0486-4DAC-9DF9-D3CE4DCB1D15}.Release|Any CPU.ActiveCfg = Release|Any CPU
		{5574B33C-0486-4DAC-9DF9-D3CE4DCB1D15}.Release|Any CPU.Build.0 = Release|Any CPU
		{753DF4E1-BD32-4263-8E2C-4D6B42599C67}.Debug|Any CPU.ActiveCfg = Debug|Any CPU
		{753DF4E1-BD32-4263-8E2C-4D6B42599C67}.Debug|Any CPU.Build.0 = Debug|Any CPU
		{753DF4E1-BD32-4263-8E2C-4D6B42599C67}.Release|Any CPU.ActiveCfg = Release|Any CPU
		{753DF4E1-BD32-4263-8E2C-4D6B42599C67}.Release|Any CPU.Build.0 = Release|Any CPU
		{58A66DD9-70EE-4635-8875-E885FECC53C5}.Debug|Any CPU.ActiveCfg = Debug|Any CPU
		{58A66DD9-70EE-4635-8875-E885FECC53C5}.Debug|Any CPU.Build.0 = Debug|Any CPU
		{58A66DD9-70EE-4635-8875-E885FECC53C5}.Release|Any CPU.ActiveCfg = Release|Any CPU
		{58A66DD9-70EE-4635-8875-E885FECC53C5}.Release|Any CPU.Build.0 = Release|Any CPU
		{F39C9A03-6659-46B6-87A0-919F96894555}.Debug|Any CPU.ActiveCfg = Debug|Any CPU
		{F39C9A03-6659-46B6-87A0-919F96894555}.Debug|Any CPU.Build.0 = Debug|Any CPU
		{F39C9A03-6659-46B6-87A0-919F96894555}.Release|Any CPU.ActiveCfg = Release|Any CPU
		{F39C9A03-6659-46B6-87A0-919F96894555}.Release|Any CPU.Build.0 = Release|Any CPU
		{33D11E03-8651-4653-BFD0-3002DFA41847}.Debug|Any CPU.ActiveCfg = Debug|Any CPU
		{33D11E03-8651-4653-BFD0-3002DFA41847}.Debug|Any CPU.Build.0 = Debug|Any CPU
		{33D11E03-8651-4653-BFD0-3002DFA41847}.Release|Any CPU.ActiveCfg = Release|Any CPU
		{33D11E03-8651-4653-BFD0-3002DFA41847}.Release|Any CPU.Build.0 = Release|Any CPU
		{2C8B1D90-9FEB-4462-A0F1-B772BB52DD85}.Debug|Any CPU.ActiveCfg = Debug|Any CPU
		{2C8B1D90-9FEB-4462-A0F1-B772BB52DD85}.Debug|Any CPU.Build.0 = Debug|Any CPU
		{2C8B1D90-9FEB-4462-A0F1-B772BB52DD85}.Release|Any CPU.ActiveCfg = Release|Any CPU
		{2C8B1D90-9FEB-4462-A0F1-B772BB52DD85}.Release|Any CPU.Build.0 = Release|Any CPU
	EndGlobalSection
	GlobalSection(NestedProjects) = preSolution
		{F8C0AAD5-B8DB-413C-9ABF-0C3593A2E6E8} = {2B836303-84E5-49B8-A4FD-050B7D1BB196}
		{CAC4F5BD-5CC6-467D-84DD-7D8E5FCEEBCE} = {2B836303-84E5-49B8-A4FD-050B7D1BB196}
		{5574B33C-0486-4DAC-9DF9-D3CE4DCB1D15} = {2B836303-84E5-49B8-A4FD-050B7D1BB196}
		{753DF4E1-BD32-4263-8E2C-4D6B42599C67} = {2B836303-84E5-49B8-A4FD-050B7D1BB196}
		{58A66DD9-70EE-4635-8875-E885FECC53C5} = {DE235BBF-B345-4575-862C-C386B1804033}
		{F39C9A03-6659-46B6-87A0-919F96894555} = {DE235BBF-B345-4575-862C-C386B1804033}
		{33D11E03-8651-4653-BFD0-3002DFA41847} = {DE235BBF-B345-4575-862C-C386B1804033}
		{2C8B1D90-9FEB-4462-A0F1-B772BB52DD85} = {DE235BBF-B345-4575-862C-C386B1804033}
	EndGlobalSection
EndGlobal
