
Microsoft Visual Studio Solution File, Format Version 12.00
# Visual Studio Version 16
VisualStudioVersion = 16.0.30114.105
MinimumVisualStudioVersion = 10.0.40219.1
Project("{2150E333-8FDC-42A3-9474-1A3956D46DE8}") = "src", "src", "{498F6939-85C3-4AEB-BDFC-7DB95BE0D58F}"
EndProject
Project("{FAE04EC0-301F-11D3-BF4B-00C04F79EFBC}") = "WebApi", "src\WebApi\WebApi.csproj", "{A530875D-F78F-4545-9F5C-B38F17CC434C}"
EndProject
Project("{FAE04EC0-301F-11D3-BF4B-00C04F79EFBC}") = "Domain", "src\Domain\Domain.csproj", "{FFE5BABD-7D36-4C7B-A16F-D1D19ABCD79D}"
EndProject
Project("{FAE04EC0-301F-11D3-BF4B-00C04F79EFBC}") = "Infrastructure", "src\Infrastructure\Infrastructure.csproj", "{D00E4050-E20A-4CB8-A3CC-702CB0466368}"
EndProject
Project("{FAE04EC0-301F-11D3-BF4B-00C04F79EFBC}") = "Application", "src\Application\Application.csproj", "{8FD62615-00E8-4A2C-BA64-A73528EDBB3E}"
EndProject
Project("{2150E333-8FDC-42A3-9474-1A3956D46DE8}") = "test", "test", "{5AA25FD4-5EA0-47F4-863D-712BC586F7F6}"
EndProject
Project("{FAE04EC0-301F-11D3-BF4B-00C04F79EFBC}") = "ComponentTest", "test\ComponentTest\ComponentTest.csproj", "{5C5C9228-889F-4FF1-AEEA-A2776261AC27}"
EndProject
Project("{FAE04EC0-301F-11D3-BF4B-00C04F79EFBC}") = "IntegrationTest", "test\IntegrationTest\IntegrationTest.csproj", "{81C5A8F1-F9B5-4F4D-B611-0044AFE97C4E}"
EndProject
Project("{FAE04EC0-301F-11D3-BF4B-00C04F79EFBC}") = "UnitTest", "test\UnitTest\UnitTest.csproj", "{75B39EA3-03DA-4436-8E5E-FE1D580BBEC2}"
EndProject
Project("{FAE04EC0-301F-11D3-BF4B-00C04F79EFBC}") = "EndToEndTests", "test\EndToEndTests\EndToEndTests.csproj", "{AACB5F1A-28CD-498B-94C1-A4F0B87E26B7}"
EndProject
Global
	GlobalSection(SolutionConfigurationPlatforms) = preSolution
		Debug|Any CPU = Debug|Any CPU
		Release|Any CPU = Release|Any CPU
	EndGlobalSection
	GlobalSection(SolutionProperties) = preSolution
		HideSolutionNode = FALSE
	EndGlobalSection
	GlobalSection(ProjectConfigurationPlatforms) = postSolution
		{A530875D-F78F-4545-9F5C-B38F17CC434C}.Debug|Any CPU.ActiveCfg = Debug|Any CPU
		{A530875D-F78F-4545-9F5C-B38F17CC434C}.Debug|Any CPU.Build.0 = Debug|Any CPU
		{A530875D-F78F-4545-9F5C-B38F17CC434C}.Release|Any CPU.ActiveCfg = Release|Any CPU
		{A530875D-F78F-4545-9F5C-B38F17CC434C}.Release|Any CPU.Build.0 = Release|Any CPU
		{FFE5BABD-7D36-4C7B-A16F-D1D19ABCD79D}.Debug|Any CPU.ActiveCfg = Debug|Any CPU
		{FFE5BABD-7D36-4C7B-A16F-D1D19ABCD79D}.Debug|Any CPU.Build.0 = Debug|Any CPU
		{FFE5BABD-7D36-4C7B-A16F-D1D19ABCD79D}.Release|Any CPU.ActiveCfg = Release|Any CPU
		{FFE5BABD-7D36-4C7B-A16F-D1D19ABCD79D}.Release|Any CPU.Build.0 = Release|Any CPU
		{D00E4050-E20A-4CB8-A3CC-702CB0466368}.Debug|Any CPU.ActiveCfg = Debug|Any CPU
		{D00E4050-E20A-4CB8-A3CC-702CB0466368}.Debug|Any CPU.Build.0 = Debug|Any CPU
		{D00E4050-E20A-4CB8-A3CC-702CB0466368}.Release|Any CPU.ActiveCfg = Release|Any CPU
		{D00E4050-E20A-4CB8-A3CC-702CB0466368}.Release|Any CPU.Build.0 = Release|Any CPU
		{8FD62615-00E8-4A2C-BA64-A73528EDBB3E}.Debug|Any CPU.ActiveCfg = Debug|Any CPU
		{8FD62615-00E8-4A2C-BA64-A73528EDBB3E}.Debug|Any CPU.Build.0 = Debug|Any CPU
		{8FD62615-00E8-4A2C-BA64-A73528EDBB3E}.Release|Any CPU.ActiveCfg = Release|Any CPU
		{8FD62615-00E8-4A2C-BA64-A73528EDBB3E}.Release|Any CPU.Build.0 = Release|Any CPU
		{5C5C9228-889F-4FF1-AEEA-A2776261AC27}.Debug|Any CPU.ActiveCfg = Debug|Any CPU
		{5C5C9228-889F-4FF1-AEEA-A2776261AC27}.Debug|Any CPU.Build.0 = Debug|Any CPU
		{5C5C9228-889F-4FF1-AEEA-A2776261AC27}.Release|Any CPU.ActiveCfg = Release|Any CPU
		{5C5C9228-889F-4FF1-AEEA-A2776261AC27}.Release|Any CPU.Build.0 = Release|Any CPU
		{81C5A8F1-F9B5-4F4D-B611-0044AFE97C4E}.Debug|Any CPU.ActiveCfg = Debug|Any CPU
		{81C5A8F1-F9B5-4F4D-B611-0044AFE97C4E}.Debug|Any CPU.Build.0 = Debug|Any CPU
		{81C5A8F1-F9B5-4F4D-B611-0044AFE97C4E}.Release|Any CPU.ActiveCfg = Release|Any CPU
		{81C5A8F1-F9B5-4F4D-B611-0044AFE97C4E}.Release|Any CPU.Build.0 = Release|Any CPU
		{75B39EA3-03DA-4436-8E5E-FE1D580BBEC2}.Debug|Any CPU.ActiveCfg = Debug|Any CPU
		{75B39EA3-03DA-4436-8E5E-FE1D580BBEC2}.Debug|Any CPU.Build.0 = Debug|Any CPU
		{75B39EA3-03DA-4436-8E5E-FE1D580BBEC2}.Release|Any CPU.ActiveCfg = Release|Any CPU
		{75B39EA3-03DA-4436-8E5E-FE1D580BBEC2}.Release|Any CPU.Build.0 = Release|Any CPU
		{AACB5F1A-28CD-498B-94C1-A4F0B87E26B7}.Debug|Any CPU.ActiveCfg = Debug|Any CPU
		{AACB5F1A-28CD-498B-94C1-A4F0B87E26B7}.Debug|Any CPU.Build.0 = Debug|Any CPU
		{AACB5F1A-28CD-498B-94C1-A4F0B87E26B7}.Release|Any CPU.ActiveCfg = Release|Any CPU
		{AACB5F1A-28CD-498B-94C1-A4F0B87E26B7}.Release|Any CPU.Build.0 = Release|Any CPU
	EndGlobalSection
	GlobalSection(NestedProjects) = preSolution
		{A530875D-F78F-4545-9F5C-B38F17CC434C} = {498F6939-85C3-4AEB-BDFC-7DB95BE0D58F}
		{FFE5BABD-7D36-4C7B-A16F-D1D19ABCD79D} = {498F6939-85C3-4AEB-BDFC-7DB95BE0D58F}
		{D00E4050-E20A-4CB8-A3CC-702CB0466368} = {498F6939-85C3-4AEB-BDFC-7DB95BE0D58F}
		{8FD62615-00E8-4A2C-BA64-A73528EDBB3E} = {498F6939-85C3-4AEB-BDFC-7DB95BE0D58F}
		{5C5C9228-889F-4FF1-AEEA-A2776261AC27} = {5AA25FD4-5EA0-47F4-863D-712BC586F7F6}
		{81C5A8F1-F9B5-4F4D-B611-0044AFE97C4E} = {5AA25FD4-5EA0-47F4-863D-712BC586F7F6}
		{75B39EA3-03DA-4436-8E5E-FE1D580BBEC2} = {5AA25FD4-5EA0-47F4-863D-712BC586F7F6}
		{AACB5F1A-28CD-498B-94C1-A4F0B87E26B7} = {5AA25FD4-5EA0-47F4-863D-712BC586F7F6}
	EndGlobalSection
EndGlobal
