
Microsoft Visual Studio Solution File, Format Version 12.00
# Visual Studio Version 16
VisualStudioVersion = 16.0.30114.105
MinimumVisualStudioVersion = 10.0.40219.1
Project("{2150E333-8FDC-42A3-9474-1A3956D46DE8}") = "src", "src", "{BFBCA26D-AFE9-4A32-9BEA-B735006F8ADE}"
EndProject
Project("{FAE04EC0-301F-11D3-BF4B-00C04F79EFBC}") = "Function", "src\Function\Function.csproj", "{735959E6-7409-48D0-B61A-943E31A3EE5C}"
EndProject
Project("{FAE04EC0-301F-11D3-BF4B-00C04F79EFBC}") = "Domain", "src\Domain\Domain.csproj", "{3BF9E29A-B3D8-4CA1-8FC0-9E537C090C47}"
EndProject
Project("{FAE04EC0-301F-11D3-BF4B-00C04F79EFBC}") = "Infrastructure", "src\Infrastructure\Infrastructure.csproj", "{94115F3A-B7C2-4D1D-AC37-C7EA075E3703}"
EndProject
Project("{FAE04EC0-301F-11D3-BF4B-00C04F79EFBC}") = "Application", "src\Application\Application.csproj", "{5BA75BFB-89DA-4C9A-AA52-FBD7EF7378AA}"
EndProject
Project("{2150E333-8FDC-42A3-9474-1A3956D46DE8}") = "test", "test", "{664317BE-D2E8-44B2-8874-5952C25CC4D2}"
EndProject
Project("{FAE04EC0-301F-11D3-BF4B-00C04F79EFBC}") = "ComponentTest", "test\ComponentTest\ComponentTest.csproj", "{9B232F81-F26D-4586-BAB4-DB487AB38C51}"
EndProject
Project("{FAE04EC0-301F-11D3-BF4B-00C04F79EFBC}") = "IntegrationTest", "test\IntegrationTest\IntegrationTest.csproj", "{5EEB1E11-E1DC-4152-AE09-57D257C1F788}"
EndProject
Project("{FAE04EC0-301F-11D3-BF4B-00C04F79EFBC}") = "UnitTest", "test\UnitTest\UnitTest.csproj", "{94F015FC-ACD0-4764-A57B-0300E9E69EFA}"
EndProject
Project("{FAE04EC0-301F-11D3-BF4B-00C04F79EFBC}") = "EndToEndTests", "test\EndToEndTests\EndToEndTests.csproj", "{2F99005E-BF7F-4D60-A5B9-0416A50F9510}"
EndProject
Global
	GlobalSection(SolutionConfigurationPlatforms) = preSolution
		Debug|Any CPU = Debug|Any CPU
		Release|Any CPU = Release|Any CPU
	EndGlobalSection
	GlobalSection(SolutionProperties) = preSolution
		HideSolutionNode = FALSE
	EndGlobalSection
	GlobalSection(ProjectConfigurationPlatforms) = postSolution
		{735959E6-7409-48D0-B61A-943E31A3EE5C}.Debug|Any CPU.ActiveCfg = Debug|Any CPU
		{735959E6-7409-48D0-B61A-943E31A3EE5C}.Debug|Any CPU.Build.0 = Debug|Any CPU
		{735959E6-7409-48D0-B61A-943E31A3EE5C}.Release|Any CPU.ActiveCfg = Release|Any CPU
		{735959E6-7409-48D0-B61A-943E31A3EE5C}.Release|Any CPU.Build.0 = Release|Any CPU
		{3BF9E29A-B3D8-4CA1-8FC0-9E537C090C47}.Debug|Any CPU.ActiveCfg = Debug|Any CPU
		{3BF9E29A-B3D8-4CA1-8FC0-9E537C090C47}.Debug|Any CPU.Build.0 = Debug|Any CPU
		{3BF9E29A-B3D8-4CA1-8FC0-9E537C090C47}.Release|Any CPU.ActiveCfg = Release|Any CPU
		{3BF9E29A-B3D8-4CA1-8FC0-9E537C090C47}.Release|Any CPU.Build.0 = Release|Any CPU
		{94115F3A-B7C2-4D1D-AC37-C7EA075E3703}.Debug|Any CPU.ActiveCfg = Debug|Any CPU
		{94115F3A-B7C2-4D1D-AC37-C7EA075E3703}.Debug|Any CPU.Build.0 = Debug|Any CPU
		{94115F3A-B7C2-4D1D-AC37-C7EA075E3703}.Release|Any CPU.ActiveCfg = Release|Any CPU
		{94115F3A-B7C2-4D1D-AC37-C7EA075E3703}.Release|Any CPU.Build.0 = Release|Any CPU
		{5BA75BFB-89DA-4C9A-AA52-FBD7EF7378AA}.Debug|Any CPU.ActiveCfg = Debug|Any CPU
		{5BA75BFB-89DA-4C9A-AA52-FBD7EF7378AA}.Debug|Any CPU.Build.0 = Debug|Any CPU
		{5BA75BFB-89DA-4C9A-AA52-FBD7EF7378AA}.Release|Any CPU.ActiveCfg = Release|Any CPU
		{5BA75BFB-89DA-4C9A-AA52-FBD7EF7378AA}.Release|Any CPU.Build.0 = Release|Any CPU
		{9B232F81-F26D-4586-BAB4-DB487AB38C51}.Debug|Any CPU.ActiveCfg = Debug|Any CPU
		{9B232F81-F26D-4586-BAB4-DB487AB38C51}.Debug|Any CPU.Build.0 = Debug|Any CPU
		{9B232F81-F26D-4586-BAB4-DB487AB38C51}.Release|Any CPU.ActiveCfg = Release|Any CPU
		{9B232F81-F26D-4586-BAB4-DB487AB38C51}.Release|Any CPU.Build.0 = Release|Any CPU
		{5EEB1E11-E1DC-4152-AE09-57D257C1F788}.Debug|Any CPU.ActiveCfg = Debug|Any CPU
		{5EEB1E11-E1DC-4152-AE09-57D257C1F788}.Debug|Any CPU.Build.0 = Debug|Any CPU
		{5EEB1E11-E1DC-4152-AE09-57D257C1F788}.Release|Any CPU.ActiveCfg = Release|Any CPU
		{5EEB1E11-E1DC-4152-AE09-57D257C1F788}.Release|Any CPU.Build.0 = Release|Any CPU
		{94F015FC-ACD0-4764-A57B-0300E9E69EFA}.Debug|Any CPU.ActiveCfg = Debug|Any CPU
		{94F015FC-ACD0-4764-A57B-0300E9E69EFA}.Debug|Any CPU.Build.0 = Debug|Any CPU
		{94F015FC-ACD0-4764-A57B-0300E9E69EFA}.Release|Any CPU.ActiveCfg = Release|Any CPU
		{94F015FC-ACD0-4764-A57B-0300E9E69EFA}.Release|Any CPU.Build.0 = Release|Any CPU
		{2F99005E-BF7F-4D60-A5B9-0416A50F9510}.Debug|Any CPU.ActiveCfg = Debug|Any CPU
		{2F99005E-BF7F-4D60-A5B9-0416A50F9510}.Debug|Any CPU.Build.0 = Debug|Any CPU
		{2F99005E-BF7F-4D60-A5B9-0416A50F9510}.Release|Any CPU.ActiveCfg = Release|Any CPU
		{2F99005E-BF7F-4D60-A5B9-0416A50F9510}.Release|Any CPU.Build.0 = Release|Any CPU
	EndGlobalSection
	GlobalSection(NestedProjects) = preSolution
		{735959E6-7409-48D0-B61A-943E31A3EE5C} = {BFBCA26D-AFE9-4A32-9BEA-B735006F8ADE}
		{3BF9E29A-B3D8-4CA1-8FC0-9E537C090C47} = {BFBCA26D-AFE9-4A32-9BEA-B735006F8ADE}
		{94115F3A-B7C2-4D1D-AC37-C7EA075E3703} = {BFBCA26D-AFE9-4A32-9BEA-B735006F8ADE}
		{5BA75BFB-89DA-4C9A-AA52-FBD7EF7378AA} = {BFBCA26D-AFE9-4A32-9BEA-B735006F8ADE}
		{9B232F81-F26D-4586-BAB4-DB487AB38C51} = {664317BE-D2E8-44B2-8874-5952C25CC4D2}
		{5EEB1E11-E1DC-4152-AE09-57D257C1F788} = {664317BE-D2E8-44B2-8874-5952C25CC4D2}
		{94F015FC-ACD0-4764-A57B-0300E9E69EFA} = {664317BE-D2E8-44B2-8874-5952C25CC4D2}
		{2F99005E-BF7F-4D60-A5B9-0416A50F9510} = {664317BE-D2E8-44B2-8874-5952C25CC4D2}
	EndGlobalSection
EndGlobal
