
Microsoft Visual Studio Solution File, Format Version 12.00
# Visual Studio Version 16
VisualStudioVersion = 16.0.30114.105
MinimumVisualStudioVersion = 10.0.40219.1
Project("{2150E333-8FDC-42A3-9474-1A3956D46DE8}") = "src", "src", "{FF3D8918-027B-4A91-A0C2-F15EDF17F52D}"
EndProject
Project("{FAE04EC0-301F-11D3-BF4B-00C04F79EFBC}") = "WebApi", "src\WebApi\WebApi.csproj", "{F763CFC1-857A-4509-868F-56911E3D8594}"
EndProject
Project("{FAE04EC0-301F-11D3-BF4B-00C04F79EFBC}") = "Domain", "src\Domain\Domain.csproj", "{EAB3EB58-3357-463E-B1B8-BD0717C9551E}"
EndProject
Project("{FAE04EC0-301F-11D3-BF4B-00C04F79EFBC}") = "Infrastructure", "src\Infrastructure\Infrastructure.csproj", "{333D95BB-EA8A-456E-92FA-B3368C892886}"
EndProject
Project("{FAE04EC0-301F-11D3-BF4B-00C04F79EFBC}") = "Application", "src\Application\Application.csproj", "{2CC8FC0C-7270-4740-8EE8-151F6CA59A28}"
EndProject
Project("{2150E333-8FDC-42A3-9474-1A3956D46DE8}") = "test", "test", "{5FC5D7A4-E2D2-445D-8E5D-5577EC2DC713}"
EndProject
Project("{FAE04EC0-301F-11D3-BF4B-00C04F79EFBC}") = "ComponentTest", "test\ComponentTest\ComponentTest.csproj", "{65B24057-817B-4223-9E07-70AF90EE8475}"
EndProject
Project("{FAE04EC0-301F-11D3-BF4B-00C04F79EFBC}") = "IntegrationTest", "test\IntegrationTest\IntegrationTest.csproj", "{8CFA6753-D351-4E98-9C12-1F6C97317138}"
EndProject
Project("{FAE04EC0-301F-11D3-BF4B-00C04F79EFBC}") = "UnitTest", "test\UnitTest\UnitTest.csproj", "{0030D19B-D5DF-4AE0-AF8E-F1978EC274F7}"
EndProject
Project("{FAE04EC0-301F-11D3-BF4B-00C04F79EFBC}") = "EndToEndTests", "test\EndToEndTests\EndToEndTests.csproj", "{E780213A-DFA8-4A9D-B1A8-BC4CE1A501FA}"
EndProject
Global
	GlobalSection(SolutionConfigurationPlatforms) = preSolution
		Debug|Any CPU = Debug|Any CPU
		Release|Any CPU = Release|Any CPU
	EndGlobalSection
	GlobalSection(SolutionProperties) = preSolution
		HideSolutionNode = FALSE
	EndGlobalSection
	GlobalSection(ProjectConfigurationPlatforms) = postSolution
		{F763CFC1-857A-4509-868F-56911E3D8594}.Debug|Any CPU.ActiveCfg = Debug|Any CPU
		{F763CFC1-857A-4509-868F-56911E3D8594}.Debug|Any CPU.Build.0 = Debug|Any CPU
		{F763CFC1-857A-4509-868F-56911E3D8594}.Release|Any CPU.ActiveCfg = Release|Any CPU
		{F763CFC1-857A-4509-868F-56911E3D8594}.Release|Any CPU.Build.0 = Release|Any CPU
		{EAB3EB58-3357-463E-B1B8-BD0717C9551E}.Debug|Any CPU.ActiveCfg = Debug|Any CPU
		{EAB3EB58-3357-463E-B1B8-BD0717C9551E}.Debug|Any CPU.Build.0 = Debug|Any CPU
		{EAB3EB58-3357-463E-B1B8-BD0717C9551E}.Release|Any CPU.ActiveCfg = Release|Any CPU
		{EAB3EB58-3357-463E-B1B8-BD0717C9551E}.Release|Any CPU.Build.0 = Release|Any CPU
		{333D95BB-EA8A-456E-92FA-B3368C892886}.Debug|Any CPU.ActiveCfg = Debug|Any CPU
		{333D95BB-EA8A-456E-92FA-B3368C892886}.Debug|Any CPU.Build.0 = Debug|Any CPU
		{333D95BB-EA8A-456E-92FA-B3368C892886}.Release|Any CPU.ActiveCfg = Release|Any CPU
		{333D95BB-EA8A-456E-92FA-B3368C892886}.Release|Any CPU.Build.0 = Release|Any CPU
		{2CC8FC0C-7270-4740-8EE8-151F6CA59A28}.Debug|Any CPU.ActiveCfg = Debug|Any CPU
		{2CC8FC0C-7270-4740-8EE8-151F6CA59A28}.Debug|Any CPU.Build.0 = Debug|Any CPU
		{2CC8FC0C-7270-4740-8EE8-151F6CA59A28}.Release|Any CPU.ActiveCfg = Release|Any CPU
		{2CC8FC0C-7270-4740-8EE8-151F6CA59A28}.Release|Any CPU.Build.0 = Release|Any CPU
		{65B24057-817B-4223-9E07-70AF90EE8475}.Debug|Any CPU.ActiveCfg = Debug|Any CPU
		{65B24057-817B-4223-9E07-70AF90EE8475}.Debug|Any CPU.Build.0 = Debug|Any CPU
		{65B24057-817B-4223-9E07-70AF90EE8475}.Release|Any CPU.ActiveCfg = Release|Any CPU
		{65B24057-817B-4223-9E07-70AF90EE8475}.Release|Any CPU.Build.0 = Release|Any CPU
		{8CFA6753-D351-4E98-9C12-1F6C97317138}.Debug|Any CPU.ActiveCfg = Debug|Any CPU
		{8CFA6753-D351-4E98-9C12-1F6C97317138}.Debug|Any CPU.Build.0 = Debug|Any CPU
		{8CFA6753-D351-4E98-9C12-1F6C97317138}.Release|Any CPU.ActiveCfg = Release|Any CPU
		{8CFA6753-D351-4E98-9C12-1F6C97317138}.Release|Any CPU.Build.0 = Release|Any CPU
		{0030D19B-D5DF-4AE0-AF8E-F1978EC274F7}.Debug|Any CPU.ActiveCfg = Debug|Any CPU
		{0030D19B-D5DF-4AE0-AF8E-F1978EC274F7}.Debug|Any CPU.Build.0 = Debug|Any CPU
		{0030D19B-D5DF-4AE0-AF8E-F1978EC274F7}.Release|Any CPU.ActiveCfg = Release|Any CPU
		{0030D19B-D5DF-4AE0-AF8E-F1978EC274F7}.Release|Any CPU.Build.0 = Release|Any CPU
		{E780213A-DFA8-4A9D-B1A8-BC4CE1A501FA}.Debug|Any CPU.ActiveCfg = Debug|Any CPU
		{E780213A-DFA8-4A9D-B1A8-BC4CE1A501FA}.Debug|Any CPU.Build.0 = Debug|Any CPU
		{E780213A-DFA8-4A9D-B1A8-BC4CE1A501FA}.Release|Any CPU.ActiveCfg = Release|Any CPU
		{E780213A-DFA8-4A9D-B1A8-BC4CE1A501FA}.Release|Any CPU.Build.0 = Release|Any CPU
	EndGlobalSection
	GlobalSection(NestedProjects) = preSolution
		{F763CFC1-857A-4509-868F-56911E3D8594} = {FF3D8918-027B-4A91-A0C2-F15EDF17F52D}
		{EAB3EB58-3357-463E-B1B8-BD0717C9551E} = {FF3D8918-027B-4A91-A0C2-F15EDF17F52D}
		{333D95BB-EA8A-456E-92FA-B3368C892886} = {FF3D8918-027B-4A91-A0C2-F15EDF17F52D}
		{2CC8FC0C-7270-4740-8EE8-151F6CA59A28} = {FF3D8918-027B-4A91-A0C2-F15EDF17F52D}
		{65B24057-817B-4223-9E07-70AF90EE8475} = {5FC5D7A4-E2D2-445D-8E5D-5577EC2DC713}
		{8CFA6753-D351-4E98-9C12-1F6C97317138} = {5FC5D7A4-E2D2-445D-8E5D-5577EC2DC713}
		{0030D19B-D5DF-4AE0-AF8E-F1978EC274F7} = {5FC5D7A4-E2D2-445D-8E5D-5577EC2DC713}
		{E780213A-DFA8-4A9D-B1A8-BC4CE1A501FA} = {5FC5D7A4-E2D2-445D-8E5D-5577EC2DC713}
	EndGlobalSection
EndGlobal
