
Microsoft Visual Studio Solution File, Format Version 12.00
# Visual Studio Version 16
VisualStudioVersion = 16.0.30114.105
MinimumVisualStudioVersion = 10.0.40219.1
Project("{2150E333-8FDC-42A3-9474-1A3956D46DE8}") = "src", "src", "{20A74DAB-2F9D-4EE6-84D8-27B2AE849A6F}"
EndProject
Project("{FAE04EC0-301F-11D3-BF4B-00C04F79EFBC}") = "WebApi", "src\WebApi\WebApi.csproj", "{7C7928B7-C61D-441F-8F23-77744E4781DE}"
EndProject
Project("{FAE04EC0-301F-11D3-BF4B-00C04F79EFBC}") = "Domain", "src\Domain\Domain.csproj", "{A959FDF4-B79E-4357-AB33-9D48A6106B16}"
EndProject
Project("{FAE04EC0-301F-11D3-BF4B-00C04F79EFBC}") = "Infrastructure", "src\Infrastructure\Infrastructure.csproj", "{8800B15B-AD62-4D35-8BF8-9CA4A740FB0E}"
EndProject
Project("{FAE04EC0-301F-11D3-BF4B-00C04F79EFBC}") = "Application", "src\Application\Application.csproj", "{425A631E-25E5-4733-B881-CB478909B433}"
EndProject
Project("{2150E333-8FDC-42A3-9474-1A3956D46DE8}") = "test", "test", "{30F08C1A-57D8-4BD0-9152-66273F48A242}"
EndProject
Project("{FAE04EC0-301F-11D3-BF4B-00C04F79EFBC}") = "ComponentTest", "test\ComponentTest\ComponentTest.csproj", "{92ACD091-CF73-49B4-AF55-8BC256CB11F6}"
EndProject
Project("{FAE04EC0-301F-11D3-BF4B-00C04F79EFBC}") = "IntegrationTest", "test\IntegrationTest\IntegrationTest.csproj", "{AB94AC50-5229-41BD-B260-D6A71A00BE47}"
EndProject
Project("{FAE04EC0-301F-11D3-BF4B-00C04F79EFBC}") = "UnitTest", "test\UnitTest\UnitTest.csproj", "{D4355D3C-5749-4CED-BC58-11EBED443F4D}"
EndProject
Project("{FAE04EC0-301F-11D3-BF4B-00C04F79EFBC}") = "EndToEndTests", "test\EndToEndTests\EndToEndTests.csproj", "{07731122-A2AA-43BE-A919-F3ED7498CE81}"
EndProject
Global
	GlobalSection(SolutionConfigurationPlatforms) = preSolution
		Debug|Any CPU = Debug|Any CPU
		Release|Any CPU = Release|Any CPU
	EndGlobalSection
	GlobalSection(SolutionProperties) = preSolution
		HideSolutionNode = FALSE
	EndGlobalSection
	GlobalSection(ProjectConfigurationPlatforms) = postSolution
		{7C7928B7-C61D-441F-8F23-77744E4781DE}.Debug|Any CPU.ActiveCfg = Debug|Any CPU
		{7C7928B7-C61D-441F-8F23-77744E4781DE}.Debug|Any CPU.Build.0 = Debug|Any CPU
		{7C7928B7-C61D-441F-8F23-77744E4781DE}.Release|Any CPU.ActiveCfg = Release|Any CPU
		{7C7928B7-C61D-441F-8F23-77744E4781DE}.Release|Any CPU.Build.0 = Release|Any CPU
		{A959FDF4-B79E-4357-AB33-9D48A6106B16}.Debug|Any CPU.ActiveCfg = Debug|Any CPU
		{A959FDF4-B79E-4357-AB33-9D48A6106B16}.Debug|Any CPU.Build.0 = Debug|Any CPU
		{A959FDF4-B79E-4357-AB33-9D48A6106B16}.Release|Any CPU.ActiveCfg = Release|Any CPU
		{A959FDF4-B79E-4357-AB33-9D48A6106B16}.Release|Any CPU.Build.0 = Release|Any CPU
		{8800B15B-AD62-4D35-8BF8-9CA4A740FB0E}.Debug|Any CPU.ActiveCfg = Debug|Any CPU
		{8800B15B-AD62-4D35-8BF8-9CA4A740FB0E}.Debug|Any CPU.Build.0 = Debug|Any CPU
		{8800B15B-AD62-4D35-8BF8-9CA4A740FB0E}.Release|Any CPU.ActiveCfg = Release|Any CPU
		{8800B15B-AD62-4D35-8BF8-9CA4A740FB0E}.Release|Any CPU.Build.0 = Release|Any CPU
		{425A631E-25E5-4733-B881-CB478909B433}.Debug|Any CPU.ActiveCfg = Debug|Any CPU
		{425A631E-25E5-4733-B881-CB478909B433}.Debug|Any CPU.Build.0 = Debug|Any CPU
		{425A631E-25E5-4733-B881-CB478909B433}.Release|Any CPU.ActiveCfg = Release|Any CPU
		{425A631E-25E5-4733-B881-CB478909B433}.Release|Any CPU.Build.0 = Release|Any CPU
		{92ACD091-CF73-49B4-AF55-8BC256CB11F6}.Debug|Any CPU.ActiveCfg = Debug|Any CPU
		{92ACD091-CF73-49B4-AF55-8BC256CB11F6}.Debug|Any CPU.Build.0 = Debug|Any CPU
		{92ACD091-CF73-49B4-AF55-8BC256CB11F6}.Release|Any CPU.ActiveCfg = Release|Any CPU
		{92ACD091-CF73-49B4-AF55-8BC256CB11F6}.Release|Any CPU.Build.0 = Release|Any CPU
		{AB94AC50-5229-41BD-B260-D6A71A00BE47}.Debug|Any CPU.ActiveCfg = Debug|Any CPU
		{AB94AC50-5229-41BD-B260-D6A71A00BE47}.Debug|Any CPU.Build.0 = Debug|Any CPU
		{AB94AC50-5229-41BD-B260-D6A71A00BE47}.Release|Any CPU.ActiveCfg = Release|Any CPU
		{AB94AC50-5229-41BD-B260-D6A71A00BE47}.Release|Any CPU.Build.0 = Release|Any CPU
		{D4355D3C-5749-4CED-BC58-11EBED443F4D}.Debug|Any CPU.ActiveCfg = Debug|Any CPU
		{D4355D3C-5749-4CED-BC58-11EBED443F4D}.Debug|Any CPU.Build.0 = Debug|Any CPU
		{D4355D3C-5749-4CED-BC58-11EBED443F4D}.Release|Any CPU.ActiveCfg = Release|Any CPU
		{D4355D3C-5749-4CED-BC58-11EBED443F4D}.Release|Any CPU.Build.0 = Release|Any CPU
		{07731122-A2AA-43BE-A919-F3ED7498CE81}.Debug|Any CPU.ActiveCfg = Debug|Any CPU
		{07731122-A2AA-43BE-A919-F3ED7498CE81}.Debug|Any CPU.Build.0 = Debug|Any CPU
		{07731122-A2AA-43BE-A919-F3ED7498CE81}.Release|Any CPU.ActiveCfg = Release|Any CPU
		{07731122-A2AA-43BE-A919-F3ED7498CE81}.Release|Any CPU.Build.0 = Release|Any CPU
	EndGlobalSection
	GlobalSection(NestedProjects) = preSolution
		{7C7928B7-C61D-441F-8F23-77744E4781DE} = {20A74DAB-2F9D-4EE6-84D8-27B2AE849A6F}
		{A959FDF4-B79E-4357-AB33-9D48A6106B16} = {20A74DAB-2F9D-4EE6-84D8-27B2AE849A6F}
		{8800B15B-AD62-4D35-8BF8-9CA4A740FB0E} = {20A74DAB-2F9D-4EE6-84D8-27B2AE849A6F}
		{425A631E-25E5-4733-B881-CB478909B433} = {20A74DAB-2F9D-4EE6-84D8-27B2AE849A6F}
		{92ACD091-CF73-49B4-AF55-8BC256CB11F6} = {30F08C1A-57D8-4BD0-9152-66273F48A242}
		{AB94AC50-5229-41BD-B260-D6A71A00BE47} = {30F08C1A-57D8-4BD0-9152-66273F48A242}
		{D4355D3C-5749-4CED-BC58-11EBED443F4D} = {30F08C1A-57D8-4BD0-9152-66273F48A242}
		{07731122-A2AA-43BE-A919-F3ED7498CE81} = {30F08C1A-57D8-4BD0-9152-66273F48A242}
	EndGlobalSection
EndGlobal
